github.com/aws/aws-sdk-go-v2 v1.23.5 h1:xK6C4udTyDMd82RFvNkDQxtAd00xlzFUtX4fF2nMZyg=
github.com/aws/aws-sdk-go-v2 v1.23.5/go.mod h1:t3szzKfP0NeRU27uBFczDivYJjsmSnqI8kIvKyWb9ds=
github.com/aws/aws-sdk-go-v2/aws/protocol/eventstream v1.5.1 h1:ZY3108YtBNq96jNZTICHxN1gSBSbnvIdYwwqnvCV4Mc=
github.com/aws/aws-sdk-go-v2/aws/protocol/eventstream v1.5.1/go.mod h1:t8PYl/6LzdAqsU4/9tz28V/kU+asFePvpOMkdul0gEQ=
github.com/aws/aws-sdk-go-v2/config v1.25.12 h1:mF4cMuNh/2G+d19nWnm1vJ/ak0qK6SbqF0KtSX9pxu0=
github.com/aws/aws-sdk-go-v2/config v1.25.12/go.mod h1:lOvvqtZP9p29GIjOTuA/76HiVk0c/s8qRcFRq2+E2uc=
github.com/aws/aws-sdk-go-v2/credentials v1.16.10 h1:VmRkuoKaGl2ZDNGkkRQgw80Hxj1Bb9a+bsT5shqlCwo=
github.com/aws/aws-sdk-go-v2/credentials v1.16.10/go.mod h1:WEn22lpd50buTs/TDqywytW5xQ2zPOMbYipIlqI6xXg=
github.com/aws/aws-sdk-go-v2/feature/ec2/imds v1.14.9 h1:FZVFahMyZle6WcogZCOxo6D/lkDA2lqKIn4/ueUmVXw=
github.com/aws/aws-sdk-go-v2/feature/ec2/imds v1.14.9/go.mod h1:kjq7REMIkxdtcEC9/4BVXjOsNY5isz6jQbEgk6osRTU=
github.com/aws/aws-sdk-go-v2/internal/configsources v1.2.8 h1:8GVZIR0y6JRIUNSYI1xAMF4HDfV8H/bOsZ/8AD/uY5Q=
github.com/aws/aws-sdk-go-v2/internal/configsources v1.2.8/go.mod h1:rwBfu0SoUkBUZndVgPZKAD9Y2JigaZtRP68unRiYToQ=
github.com/aws/aws-sdk-go-v2/internal/endpoints/v2 v2.5.8 h1:ZE2ds/qeBkhk3yqYvS3CDCFNvd9ir5hMjlVStLZWrvM=
github.com/aws/aws-sdk-go-v2/internal/endpoints/v2 v2.5.8/go.mod h1:/lAPPymDYL023+TS6DJmjuL42nxix2AvEvfjqOBRODk=
github.com/aws/aws-sdk-go-v2/internal/ini v1.7.1 h1:uR9lXYjdPX0xY+NhvaJ4dD8rpSRz5VY81ccIIoNG+lw=
github.com/aws/aws-sdk-go-v2/internal/ini v1.7.1/go.mod h1:6fQQgfuGmw8Al/3M2IgIllycxV7ZW7WCdVSqfBeUiCY=
github.com/aws/aws-sdk-go-v2/service/internal/accept-encoding v1.10.3 h1:e3PCNeEaev/ZF01cQyNZgmYE9oYYePIMJs2mWSKG514=
github.com/aws/aws-sdk-go-v2/service/internal/accept-encoding v1.10.3/go.mod h1:gIeeNyaL8tIEqZrzAnTeyhHcE0yysCtcaP+N9kxLZ+E=
github.com/aws/aws-sdk-go-v2/service/internal/presigned-url v1.10.8 h1:EamsKe+ZjkOQjDdHd86/JCEucjFKQ9T0atWKO4s2Lgs=
github.com/aws/aws-sdk-go-v2/service/internal/presigned-url v1.10.8/go.mod h1:Q0vV3/csTpbkfKLI5Sb56cJQTCTtJ0ixdb7P+Wedqiw=
github.com/aws/aws-sdk-go-v2/service/lambda v1.48.1 h1:xVOzP4rFi0kMXUQozqInP+Yy6zldr8WTpHeVEqxMtOY=
github.com/aws/aws-sdk-go-v2/service/lambda v1.48.1/go.mod h1:7dj5Kak6A6QOeZxUgIDUWVG5+7upeEBY1ivtFDRLxSQ=
github.com/aws/aws-sdk-go-v2/service/sso v1.18.3 h1:wKspi1zc2ZVcgZEu3k2Mt4zGKQSoZTftsoUTLsYPcVo=
github.com/aws/aws-sdk-go-v2/service/sso v1.18.3/go.mod h1:zxk6y1X2KXThESWMS5CrKRvISD8mbIMab6nZrCGxDG0=
github.com/aws/aws-sdk-go-v2/service/ssooidc v1.21.3 h1:CxAHBS0BWSUqI7qzXHc2ZpTeHaM9JNnWJ9BN6Kmo2CY=
github.com/aws/aws-sdk-go-v2/service/ssooidc v1.21.3/go.mod h1:7Lt5mjQ8x5rVdKqg+sKKDeuwoszDJIIPmkd8BVsEdS0=
github.com/aws/aws-sdk-go-v2/service/sts v1.26.3 h1:KfREzajmHCSYjCaMRtdLr9boUMA7KPpoPApitPlbNeo=
github.com/aws/aws-sdk-go-v2/service/sts v1.26.3/go.mod h1:7Ld9eTqocTvJqqJ5K/orbSDwmGcpRdlDiLjz2DO+SL8=
github.com/aws/smithy-go v1.19.0 h1:KWFKQV80DpP3vJrrA9sVAHQ5gc2z8i4EzrLhLlWXcBM=
github.com/aws/smithy-go v1.19.0/go.mod h1:NukqUGpCZIILqqiV0NIjeFh24kd/FAa4beRb6nbIUPE=
github.com/google/go-cmp v0.6.0 h1:ofyhxvXcZhMsU5ulbFiLKl/XBFqE1GSq7atu8tAmTRI=
github.com/google/go-cmp v0.6.0/go.mod h1:17dUlkBOakJ0+DkrSSNjCkIjxS6bF9zb3elmeNGIjoY=
github.com/jmespath/go-jmespath v0.4.0 h1:BEgLn5cpjn8UN1mAw4NjwDrS35OdebyEtFe+9YPoQUg=
github.com/jmespath/go-jmespath v0.4.0/go.mod h1:T8mJZnbsbmF+m6zOOFylbeCJqk5+pHWvzYPziyZiYoo=
github.com/shogo82148/aws-xray-yasdk-go v1.7.3 h1:ocIQ6vOey7Mzvv/byANcXKypSbKQAUvhYHlqeN3BVoE=
github.com/shogo82148/aws-xray-yasdk-go v1.7.3/go.mod h1:Ou0BdxWM2H5u5FAcTqYUn08XSv+opM56jDULW8MLCRA=
github.com/shogo82148/aws-xray-yasdk-go/xrayaws-v2 v1.1.6 h1:29RMFckqJp9vQ+1e1IkKwBaPli4YHR0FhWyAFJqY0Eo=
github.com/shogo82148/aws-xray-yasdk-go/xrayaws-v2 v1.1.6/go.mod h1:z7tUI0Z+IcWxKOc7vZ86QDvBEYYUiAqnY0Irs5C/S2w=
github.com/shogo82148/ctxlog v0.1.0 h1:WN1kcHxnFFPrqMNKK+ZM8GKrjqAKQymWekjeq6EZ7ao=
github.com/shogo82148/ctxlog v0.1.0/go.mod h1:1vzyF5O3lITc5QGi4oYH12DwupLpZytmfxdN2vH1ZZ0=
github.com/shogo82148/goat v0.1.0 h1:CD8v23E0rGSspMyKnS2FqiX+BJnEYs/mhgYDmo4i30k=
github.com/shogo82148/goat v0.1.0/go.mod h1:O2/1GBUA42rPuc0TM5WV3Kx/5/BXCHBRvSh/g9MlAus=
github.com/shogo82148/memoize v0.0.4 h1:3n08PzuwGLbVwawf2jM5kfNC4mV25EqaAIjKrNfqqAs=
github.com/shogo82148/memoize v0.0.4/go.mod h1:sOsvhOlJGVR2nHgCzUchvbEeYB6jNvSP9o4SPHgb+bY=
github.com/shogo82148/pointer v1.3.0 h1:LW5V2jUAjFNjS8e7k/PgFoh3EavOSB/vvN85aGue5+I=
github.com/shogo82148/pointer v1.3.0/go.mod h1:agZ5JFpavFPXznbWonIvbG78NDfvDTFppe+7o53up5w=
github.com/shogo82148/ridgenative v1.4.0 h1:yBsshqKQ86Y155CzgW3iC34DPwpcClceCJ8JQBd36UE=
github.com/shogo82148/ridgenative v1.4.0/go.mod h1:PInWLpQIV0RsZI3j81ZH87hQ2knhDiMGbeDuTli3QIE=
golang.org/x/crypto v0.14.0 h1:wBqGXzWJW6m1XrIKlAH0Hs1JJ7+9KBwnIO8v66Q9cHc=
golang.org/x/crypto v0.14.0/go.mod h1:MVFd36DqK4CsrnJYDkBA3VC4m2GkXAM0PvzMCn4JQf4=
golang.org/x/sys v0.13.0 h1:Af8nKPmuFypiUBjVoU9V20FiaFXOcuZI21p0ycVYYGE=
golang.org/x/sys v0.13.0/go.mod h1:oPkhp1MJrh7nUepCBck5+mAzfO9JrbApNNgaTdGDITg=
