github.com/aws/aws-lambda-go v1.36.1 h1:CJxGkL9uKszIASRDxzcOcLX6juzTLoTKtCIgUGcTjTU=
github.com/aws/aws-lambda-go v1.36.1/go.mod h1:jwFe2KmMsHmffA1X2R09hH6lFzJQxzI8qK17ewzbQMM=
github.com/aws/aws-sdk-go-v2 v1.17.5 h1:TzCUW1Nq4H8Xscph5M/skINUitxM5UBAyvm2s7XBzL4=
github.com/aws/aws-sdk-go-v2 v1.17.5/go.mod h1:uzbQtefpm44goOPmdKyAlXSNcwlRgF3ePWVW6EtJvvw=
github.com/aws/aws-sdk-go-v2/config v1.18.14 h1:rI47jCe0EzuJlAO5ptREe3LIBAyP5c7gR3wjyYVjuOM=
github.com/aws/aws-sdk-go-v2/config v1.18.14/go.mod h1:0pI6JQBHKwd0JnwAZS3VCapLKMO++UL2BOkWwyyzTnA=
github.com/aws/aws-sdk-go-v2/credentials v1.13.14 h1:jE34fUepssrhmYpvPpdbd+d39PHpuignDpNPNJguP60=
github.com/aws/aws-sdk-go-v2/credentials v1.13.14/go.mod h1:85ckagDuzdIOnZRwws1eLKnymJs3ZM1QwVC1XcuNGOY=
github.com/aws/aws-sdk-go-v2/feature/ec2/imds v1.12.23 h1:Kbiv9PGnQfG/imNI4L/heyUXvzKmcWSBeDvkrQz5pFc=
github.com/aws/aws-sdk-go-v2/feature/ec2/imds v1.12.23/go.mod h1:mOtmAg65GT1HIL/HT/PynwPbS+UG0BgCZ6vhkPqnxWo=
github.com/aws/aws-sdk-go-v2/internal/configsources v1.1.29 h1:9/aKwwus0TQxppPXFmf010DFrE+ssSbzroLVYINA+xE=
github.com/aws/aws-sdk-go-v2/internal/configsources v1.1.29/go.mod h1:Dip3sIGv485+xerzVv24emnjX5Sg88utCL8fwGmCeWg=
github.com/aws/aws-sdk-go-v2/internal/endpoints/v2 v2.4.23 h1:b/Vn141DBuLVgXbhRWIrl9g+ww7G+ScV5SzniWR13jQ=
github.com/aws/aws-sdk-go-v2/internal/endpoints/v2 v2.4.23/go.mod h1:mr6c4cHC+S/MMkrjtSlG4QA36kOznDep+0fga5L/fGQ=
github.com/aws/aws-sdk-go-v2/internal/ini v1.3.30 h1:IVx9L7YFhpPq0tTnGo8u8TpluFu7nAn9X3sUDMb11c0=
github.com/aws/aws-sdk-go-v2/internal/ini v1.3.30/go.mod h1:vsbq62AOBwQ1LJ/GWKFxX8beUEYeRp/Agitrxee2/qM=
github.com/aws/aws-sdk-go-v2/service/internal/presigned-url v1.9.23 h1:QoOybhwRfciWUBbZ0gp9S7XaDnCuSTeK/fySB99V1ls=
github.com/aws/aws-sdk-go-v2/service/internal/presigned-url v1.9.23/go.mod h1:9uPh+Hrz2Vn6oMnQYiUi/zbh3ovbnQk19YKINkQny44=
github.com/aws/aws-sdk-go-v2/service/lambda v1.25.0 h1:2ZhmVpSd54gdJkJ0BWBSK0e2/ahIcf88lVnHJNFaqAg=
github.com/aws/aws-sdk-go-v2/service/sso v1.12.3 h1:bUeZTWfF1vBdZnoNnnq70rB/CzdZD7NR2Jg2Ax+rvjA=
github.com/aws/aws-sdk-go-v2/service/sso v1.12.3/go.mod h1:jtLIhd+V+lft6ktxpItycqHqiVXrPIRjWIsFIlzMriw=
github.com/aws/aws-sdk-go-v2/service/ssooidc v1.14.3 h1:G/+7NUi+q+H0LG3v32jfV4OkaQIcpI92g0owbXKk6NY=
github.com/aws/aws-sdk-go-v2/service/ssooidc v1.14.3/go.mod h1:zVwRrfdSmbRZWkUkWjOItY7SOalnFnq/Yg2LVPqDjwc=
github.com/aws/aws-sdk-go-v2/service/sts v1.18.4 h1:j0USUNbl9c/8tBJ8setEbwxc7wva0WyoeAaFRiyTUT8=
github.com/aws/aws-sdk-go-v2/service/sts v1.18.4/go.mod h1:1mKZHLLpDMHTNSYPJ7qrcnCQdHCWsNQaT0xRvq2u80s=
github.com/aws/smithy-go v1.13.5 h1:hgz0X/DX0dGqTYpGALqXJoRKRj5oQ7150i5FdTePzO8=
github.com/aws/smithy-go v1.13.5/go.mod h1:Tg+OJXh4MB2R/uN61Ko2f6hTZwB/ZYGOtib8J3gBHzA=
github.com/davecgh/go-spew v1.1.0/go.mod h1:J7Y8YcW2NihsgmVo/mv3lAwl/skON4iLHjSsI+c5H38=
github.com/davecgh/go-spew v1.1.1 h1:vj9j/u1bqnvCEfJOwUhtlOARqs3+rkHYY13jYWTU97c=
github.com/davecgh/go-spew v1.1.1/go.mod h1:J7Y8YcW2NihsgmVo/mv3lAwl/skON4iLHjSsI+c5H38=
github.com/google/go-cmp v0.5.8/go.mod h1:17dUlkBOakJ0+DkrSSNjCkIjxS6bF9zb3elmeNGIjoY=
github.com/google/go-cmp v0.5.9 h1:O2Tfq5qg4qc4AmwVlvv0oLiVAGB7enBSJ2x2DqQFi38=
github.com/jmespath/go-jmespath v0.4.0 h1:BEgLn5cpjn8UN1mAw4NjwDrS35OdebyEtFe+9YPoQUg=
github.com/jmespath/go-jmespath v0.4.0/go.mod h1:T8mJZnbsbmF+m6zOOFylbeCJqk5+pHWvzYPziyZiYoo=
github.com/jmespath/go-jmespath/internal/testify v1.5.1/go.mod h1:L3OGu8Wl2/fWfCI6z80xFu9LTZmf1ZRjMHUOPmWr69U=
github.com/pmezard/go-difflib v1.0.0 h1:4DBwDE0NGyQoBHbLQYPwSUPoCMWR5BEzIk/f1lZbAQM=
github.com/pmezard/go-difflib v1.0.0/go.mod h1:iKH77koFhYxTK1pcRnkKkqfTogsbg7gZNVY4sRDYZ/4=
github.com/shogo82148/aws-xray-yasdk-go v1.5.2 h1:rXKJ3mD4H5GWottzYHrKHQ0S90QWEtA9p+BK93FN2xQ=
github.com/shogo82148/aws-xray-yasdk-go v1.5.2/go.mod h1:oz8SCOMbtQvC6TbfMKVzl6aJjpiaqwvATlV6RN0vJ3Q=
github.com/shogo82148/aws-xray-yasdk-go/xrayaws-v2 v1.1.2 h1:Jc/0X/UJR+jKkyYWR2y7vVFOdV9tyFmj/eWljKu/+h8=
github.com/shogo82148/aws-xray-yasdk-go/xrayaws-v2 v1.1.2/go.mod h1:lbBd5tit21fsG6Tt4NhVxIsHUEGi94ubs7neIzucIMo=
github.com/shogo82148/ctxlog v0.1.0 h1:WN1kcHxnFFPrqMNKK+ZM8GKrjqAKQymWekjeq6EZ7ao=
github.com/shogo82148/ctxlog v0.1.0/go.mod h1:1vzyF5O3lITc5QGi4oYH12DwupLpZytmfxdN2vH1ZZ0=
github.com/shogo82148/goat v0.0.5 h1:65yM5gti7Ey7hAF8ZsDHw2zuCaviwvESLrPzyrbK2kM=
github.com/shogo82148/goat v0.0.5/go.mod h1:pcmnSPlJ3NS2klZNaT06i8Xq2mD+S2yqF1ITfa/+WN4=
github.com/shogo82148/memoize v0.0.2 h1:KBHGjTpwuKPyCzpNlpNT79hKfmJaheHxpIuqdGzqdIE=
github.com/shogo82148/memoize v0.0.2/go.mod h1:sOsvhOlJGVR2nHgCzUchvbEeYB6jNvSP9o4SPHgb+bY=
github.com/shogo82148/pointer v1.2.0 h1:MEPjAx9hK17sdEVhaqHROphdy+RxTH70vaBypZzZ/d8=
github.com/shogo82148/ridgenative v1.3.0 h1:6Cdl4p7SnN7VQxZScunKqBcjqO4JAZCr1FgtE895DwM=
github.com/shogo82148/ridgenative v1.3.0/go.mod h1:qRIo6yP6ScGZpvqjSSWRXfGFSC1RrUYrN/89SrVWO1A=
github.com/stretchr/objx v0.1.0/go.mod h1:HFkY916IF+rwdDfMAkV7OtwuqBVzrE8GR6GFx+wExME=
github.com/stretchr/testify v1.7.2 h1:4jaiDzPyXQvSd7D0EjG45355tLlV3VOECpq10pLC+8s=
github.com/stretchr/testify v1.7.2/go.mod h1:R6va5+xMeoiuVRoj+gSkQ7d3FALtqAAGI1FQKckRals=
golang.org/x/crypto v0.0.0-20221012134737-56aed061732a h1:NmSIgad6KjE6VvHciPZuNRTKxGhlPfD6OA87W/PLkqg=
golang.org/x/crypto v0.0.0-20221012134737-56aed061732a/go.mod h1:IxCIyHEi3zRg3s0A5j5BB6A9Jmi73HwBIUl50j+osU4=
golang.org/x/sys v0.0.0-20210615035016-665e8c7367d1 h1:SrN+KX8Art/Sf4HNj6Zcz06G7VEz+7w9tdXTPOZ7+l4=
golang.org/x/sys v0.0.0-20210615035016-665e8c7367d1/go.mod h1:oPkhp1MJrh7nUepCBck5+mAzfO9JrbApNNgaTdGDITg=
gopkg.in/check.v1 v0.0.0-20161208181325-20d25e280405/go.mod h1:Co6ibVJAznAaIkqp8huTwlJQCZ016jof/cbN4VW5Yz0=
gopkg.in/yaml.v2 v2.2.8/go.mod h1:hI93XBmqTisBFMUTm0b8Fm+jr3Dg1NNxqwp+5A1VGuI=
gopkg.in/yaml.v3 v3.0.1 h1:fxVm/GzAzEWqLHuvctI91KS9hhNmmWOoWu0XTYJS7CA=
gopkg.in/yaml.v3 v3.0.1/go.mod h1:K4uyk7z7BCEPqu6E+C64Yfv1cQ7kz7rIZviUmN+EgEM=
